// !$*UTF8*$!
{
	archiveVersion = 1;
	classes = {
	};
	objectVersion = 50;
	objects = {

/* Begin PBXBuildFile section */
		223FB09A24E8B2A600F80525 /* AppDelegate.swift in Sources */ = {isa = PBXBuildFile; fileRef = 223FB09924E8B2A600F80525 /* AppDelegate.swift */; };
		223FB09C24E8B2A600F80525 /* SceneDelegate.swift in Sources */ = {isa = PBXBuildFile; fileRef = 223FB09B24E8B2A600F80525 /* SceneDelegate.swift */; };
		223FB09E24E8B2A600F80525 /* ViewController.swift in Sources */ = {isa = PBXBuildFile; fileRef = 223FB09D24E8B2A600F80525 /* ViewController.swift */; };
		223FB0A124E8B2A600F80525 /* Main.storyboard in Resources */ = {isa = PBXBuildFile; fileRef = 223FB09F24E8B2A600F80525 /* Main.storyboard */; };
		223FB0A324E8B2A900F80525 /* Assets.xcassets in Resources */ = {isa = PBXBuildFile; fileRef = 223FB0A224E8B2A900F80525 /* Assets.xcassets */; };
		223FB0A624E8B2A900F80525 /* LaunchScreen.storyboard in Resources */ = {isa = PBXBuildFile; fileRef = 223FB0A424E8B2A900F80525 /* LaunchScreen.storyboard */; };
/* End PBXBuildFile section */

/* Begin PBXFileReference section */
		223FB09624E8B2A600F80525 /* AI Vision.app */ = {isa = PBXFileReference; explicitFileType = wrapper.application; includeInIndex = 0; path = "AI Vision.app"; sourceTree = BUILT_PRODUCTS_DIR; };
		223FB09924E8B2A600F80525 /* AppDelegate.swift */ = {isa = PBXFileReference; lastKnownFileType = sourcecode.swift; path = AppDelegate.swift; sourceTree = "<group>"; };
		223FB09B24E8B2A600F80525 /* SceneDelegate.swift */ = {isa = PBXFileReference; lastKnownFileType = sourcecode.swift; path = SceneDelegate.swift; sourceTree = "<group>"; };
		223FB09D24E8B2A600F80525 /* ViewController.swift */ = {isa = PBXFileReference; lastKnownFileType = sourcecode.swift; path = ViewController.swift; sourceTree = "<group>"; };
		223FB0A024E8B2A600F80525 /* Base */ = {isa = PBXFileReference; lastKnownFileType = file.storyboard; name = Base; path = Base.lproj/Main.storyboard; sourceTree = "<group>"; };
		223FB0A224E8B2A900F80525 /* Assets.xcassets */ = {isa = PBXFileReference; lastKnownFileType = folder.assetcatalog; path = Assets.xcassets; sourceTree = "<group>"; };
		223FB0A524E8B2A900F80525 /* Base */ = {isa = PBXFileReference; lastKnownFileType = file.storyboard; name = Base; path = Base.lproj/LaunchScreen.storyboard; sourceTree = "<group>"; };
		223FB0A724E8B2A900F80525 /* Info.plist */ = {isa = PBXFileReference; lastKnownFileType = text.plist.xml; path = Info.plist; sourceTree = "<group>"; };
/* End PBXFileReference section */

/* Begin PBXFrameworksBuildPhase section */
		223FB09324E8B2A600F80525 /* Frameworks */ = {
			isa = PBXFrameworksBuildPhase;
			buildActionMask = 2147483647;
			files = (
			);
			runOnlyForDeploymentPostprocessing = 0;
		};
/* End PBXFrameworksBuildPhase section */

/* Begin PBXGroup section */
		223FB08D24E8B2A600F80525 = {
			isa = PBXGroup;
			children = (
				223FB09824E8B2A600F80525 /* AI Vision */,
				223FB09724E8B2A600F80525 /* Products */,
			);
			sourceTree = "<group>";
		};
		223FB09724E8B2A600F80525 /* Products */ = {
			isa = PBXGroup;
			children = (
				223FB09624E8B2A600F80525 /* AI Vision.app */,
			);
			name = Products;
			sourceTree = "<group>";
		};
		223FB09824E8B2A600F80525 /* AI Vision */ = {
			isa = PBXGroup;
			children = (
				223FB09924E8B2A600F80525 /* AppDelegate.swift */,
				223FB09B24E8B2A600F80525 /* SceneDelegate.swift */,
				223FB09D24E8B2A600F80525 /* ViewController.swift */,
				223FB09F24E8B2A600F80525 /* Main.storyboard */,
				223FB0A224E8B2A900F80525 /* Assets.xcassets */,
				223FB0A424E8B2A900F80525 /* LaunchScreen.storyboard */,
				223FB0A724E8B2A900F80525 /* Info.plist */,
			);
			path = "AI Vision";
			sourceTree = "<group>";
		};
/* End PBXGroup section */

/* Begin PBXNativeTarget section */
		223FB09524E8B2A600F80525 /* AI Vision */ = {
			isa = PBXNativeTarget;
			buildConfigurationList = 223FB0AA24E8B2A900F80525 /* Build configuration list for PBXNativeTarget "AI Vision" */;
			buildPhases = (
				223FB09224E8B2A600F80525 /* Sources */,
				223FB09324E8B2A600F80525 /* Frameworks */,
				223FB09424E8B2A600F80525 /* Resources */,
			);
			buildRules = (
			);
			dependencies = (
			);
			name = "AI Vision";
			productName = "AI Vision";
			productReference = 223FB09624E8B2A600F80525 /* AI Vision.app */;
			productType = "com.apple.product-type.application";
		};
/* End PBXNativeTarget section */

/* Begin PBXProject section */
		223FB08E24E8B2A600F80525 /* Project object */ = {
			isa = PBXProject;
			attributes = {
				LastSwiftUpdateCheck = 1160;
				LastUpgradeCheck = 1160;
				ORGANIZATIONNAME = "Victor Shinya";
				TargetAttributes = {
					223FB09524E8B2A600F80525 = {
						CreatedOnToolsVersion = 11.6;
					};
				};
			};
			buildConfigurationList = 223FB09124E8B2A600F80525 /* Build configuration list for PBXProject "AI Vision" */;
			compatibilityVersion = "Xcode 9.3";
			developmentRegion = en;
			hasScannedForEncodings = 0;
			knownRegions = (
				en,
				Base,
			);
			mainGroup = 223FB08D24E8B2A600F80525;
			productRefGroup = 223FB09724E8B2A600F80525 /* Products */;
			projectDirPath = "";
			projectRoot = "";
			targets = (
				223FB09524E8B2A600F80525 /* AI Vision */,
			);
		};
/* End PBXProject section */

/* Begin PBXResourcesBuildPhase section */
		223FB09424E8B2A600F80525 /* Resources */ = {
			isa = PBXResourcesBuildPhase;
			buildActionMask = 2147483647;
			files = (
				223FB0A624E8B2A900F80525 /* LaunchScreen.storyboard in Resources */,
				223FB0A324E8B2A900F80525 /* Assets.xcassets in Resources */,
				223FB0A124E8B2A600F80525 /* Main.storyboard in Resources */,
			);
			runOnlyForDeploymentPostprocessing = 0;
		};
/* End PBXResourcesBuildPhase section */

/* Begin PBXSourcesBuildPhase section */
		223FB09224E8B2A600F80525 /* Sources */ = {
			isa = PBXSourcesBuildPhase;
			buildActionMask = 2147483647;
			files = (
				223FB09E24E8B2A600F80525 /* ViewController.swift in Sources */,
				223FB09A24E8B2A600F80525 /* AppDelegate.swift in Sources */,
				223FB09C24E8B2A600F80525 /* SceneDelegate.swift in Sources */,
			);
			runOnlyForDeploymentPostprocessing = 0;
		};
/* End PBXSourcesBuildPhase section */

/* Begin PBXVariantGroup section */
		223FB09F24E8B2A600F80525 /* Main.storyboard */ = {
			isa = PBXVariantGroup;
			children = (
				223FB0A024E8B2A600F80525 /* Base */,
			);
			name = Main.storyboard;
			sourceTree = "<group>";
		};
		223FB0A424E8B2A900F80525 /* LaunchScreen.storyboard */ = {
			isa = PBXVariantGroup;
			children = (
				223FB0A524E8B2A900F80525 /* Base */,
			);
			name = LaunchScreen.storyboard;
			sourceTree = "<group>";
		};
/* End PBXVariantGroup section */

/* Begin XCBuildConfiguration section */
		223FB0A824E8B2A900F80525 /* Debug */ = {
			isa = XCBuildConfiguration;
			buildSettings = {
				ALWAYS_SEARCH_USER_PATHS = NO;
				CLANG_ANALYZER_NONNULL = YES;
				CLANG_ANALYZER_NUMBER_OBJECT_CONVERSION = YES_AGGRESSIVE;
				CLANG_CXX_LANGUAGE_STANDARD = "gnu++14";
				CLANG_CXX_LIBRARY = "libc++";
				CLANG_ENABLE_MODULES = YES;
				CLANG_ENABLE_OBJC_ARC = YES;
				CLANG_ENABLE_OBJC_WEAK = YES;
				CLANG_WARN_BLOCK_CAPTURE_AUTORELEASING = YES;
				CLANG_WARN_BOOL_CONVERSION = YES;
				CLANG_WARN_COMMA = YES;
				CLANG_WARN_CONSTANT_CONVERSION = YES;
				CLANG_WARN_DEPRECATED_OBJC_IMPLEMENTATIONS = YES;
				CLANG_WARN_DIRECT_OBJC_ISA_USAGE = YES_ERROR;
				CLANG_WARN_DOCUMENTATION_COMMENTS = YES;
				CLANG_WARN_EMPTY_BODY = YES;
				CLANG_WARN_ENUM_CONVERSION = YES;
				CLANG_WARN_INFINITE_RECURSION = YES;
				CLANG_WARN_INT_CONVERSION = YES;
				CLANG_WARN_NON_LITERAL_NULL_CONVERSION = YES;
				CLANG_WARN_OBJC_IMPLICIT_RETAIN_SELF = YES;
				CLANG_WARN_OBJC_LITERAL_CONVERSION = YES;
				CLANG_WARN_OBJC_ROOT_CLASS = YES_ERROR;
				CLANG_WARN_RANGE_LOOP_ANALYSIS = YES;
				CLANG_WARN_STRICT_PROTOTYPES = YES;
				CLANG_WARN_SUSPICIOUS_MOVE = YES;
				CLANG_WARN_UNGUARDED_AVAILABILITY = YES_AGGRESSIVE;
				CLANG_WARN_UNREACHABLE_CODE = YES;
				CLANG_WARN__DUPLICATE_METHOD_MATCH = YES;
				COPY_PHASE_STRIP = NO;
				DEBUG_INFORMATION_FORMAT = dwarf;
				ENABLE_STRICT_OBJC_MSGSEND = YES;
				ENABLE_TESTABILITY = YES;
				GCC_C_LANGUAGE_STANDARD = gnu11;
				GCC_DYNAMIC_NO_PIC = NO;
				GCC_NO_COMMON_BLOCKS = YES;
				GCC_OPTIMIZATION_LEVEL = 0;
				GCC_PREPROCESSOR_DEFINITIONS = (
					"DEBUG=1",
					"$(inherited)",
				);
				GCC_WARN_64_TO_32_BIT_CONVERSION = YES;
				GCC_WARN_ABOUT_RETURN_TYPE = YES_ERROR;
				GCC_WARN_UNDECLARED_SELECTOR = YES;
				GCC_WARN_UNINITIALIZED_AUTOS = YES_AGGRESSIVE;
				GCC_WARN_UNUSED_FUNCTION = YES;
				GCC_WARN_UNUSED_VARIABLE = YES;
				IPHONEOS_DEPLOYMENT_TARGET = 13.6;
				MTL_ENABLE_DEBUG_INFO = INCLUDE_SOURCE;
				MTL_FAST_MATH = YES;
				ONLY_ACTIVE_ARCH = YES;
				SDKROOT = iphoneos;
				SWIFT_ACTIVE_COMPILATION_CONDITIONS = DEBUG;
				SWIFT_OPTIMIZATION_LEVEL = "-Onone";
			};
			name = Debug;
		};
		223FB0A924E8B2A900F80525 /* Release */ = {
			isa = XCBuildConfiguration;
			buildSettings = {
				ALWAYS_SEARCH_USER_PATHS = NO;
				CLANG_ANALYZER_NONNULL = YES;
				CLANG_ANALYZER_NUMBER_OBJECT_CONVERSION = YES_AGGRESSIVE;
				CLANG_CXX_LANGUAGE_STANDARD = "gnu++14";
				CLANG_CXX_LIBRARY = "libc++";
				CLANG_ENABLE_MODULES = YES;
				CLANG_ENABLE_OBJC_ARC = YES;
				CLANG_ENABLE_OBJC_WEAK = YES;
				CLANG_WARN_BLOCK_CAPTURE_AUTORELEASING = YES;
				CLANG_WARN_BOOL_CONVERSION = YES;
				CLANG_WARN_COMMA = YES;
				CLANG_WARN_CONSTANT_CONVERSION = YES;
				CLANG_WARN_DEPRECATED_OBJC_IMPLEMENTATIONS = YES;
				CLANG_WARN_DIRECT_OBJC_ISA_USAGE = YES_ERROR;
				CLANG_WARN_DOCUMENTATION_COMMENTS = YES;
				CLANG_WARN_EMPTY_BODY = YES;
				CLANG_WARN_ENUM_CONVERSION = YES;
				CLANG_WARN_INFINITE_RECURSION = YES;
				CLANG_WARN_INT_CONVERSION = YES;
				CLANG_WARN_NON_LITERAL_NULL_CONVERSION = YES;
				CLANG_WARN_OBJC_IMPLICIT_RETAIN_SELF = YES;
				CLANG_WARN_OBJC_LITERAL_CONVERSION = YES;
				CLANG_WARN_OBJC_ROOT_CLASS = YES_ERROR;
				CLANG_WARN_RANGE_LOOP_ANALYSIS = YES;
				CLANG_WARN_STRICT_PROTOTYPES = YES;
				CLANG_WARN_SUSPICIOUS_MOVE = YES;
				CLANG_WARN_UNGUARDED_AVAILABILITY = YES_AGGRESSIVE;
				CLANG_WARN_UNREACHABLE_CODE = YES;
				CLANG_WARN__DUPLICATE_METHOD_MATCH = YES;
				COPY_PHASE_STRIP = NO;
				DEBUG_INFORMATION_FORMAT = "dwarf-with-dsym";
				ENABLE_NS_ASSERTIONS = NO;
				ENABLE_STRICT_OBJC_MSGSEND = YES;
				GCC_C_LANGUAGE_STANDARD = gnu11;
				GCC_NO_COMMON_BLOCKS = YES;
				GCC_WARN_64_TO_32_BIT_CONVERSION = YES;
				GCC_WARN_ABOUT_RETURN_TYPE = YES_ERROR;
				GCC_WARN_UNDECLARED_SELECTOR = YES;
				GCC_WARN_UNINITIALIZED_AUTOS = YES_AGGRESSIVE;
				GCC_WARN_UNUSED_FUNCTION = YES;
				GCC_WARN_UNUSED_VARIABLE = YES;
				IPHONEOS_DEPLOYMENT_TARGET = 13.6;
				MTL_ENABLE_DEBUG_INFO = NO;
				MTL_FAST_MATH = YES;
				SDKROOT = iphoneos;
				SWIFT_COMPILATION_MODE = wholemodule;
				SWIFT_OPTIMIZATION_LEVEL = "-O";
				VALIDATE_PRODUCT = YES;
			};
			name = Release;
		};
		223FB0AB24E8B2A900F80525 /* Debug */ = {
			isa = XCBuildConfiguration;
			buildSettings = {
				ASSETCATALOG_COMPILER_APPICON_NAME = AppIcon;
				CODE_SIGN_STYLE = Automatic;
				DEVELOPMENT_TEAM = MYQPGJAPC4;
				INFOPLIST_FILE = "AI Vision/Info.plist";
				LD_RUNPATH_SEARCH_PATHS = (
					"$(inherited)",
					"@executable_path/Frameworks",
				);
				PRODUCT_BUNDLE_IDENTIFIER = "br.com.victorshinya.AI-Vision";
				PRODUCT_NAME = "$(TARGET_NAME)";
				SWIFT_VERSION = 5.0;
				TARGETED_DEVICE_FAMILY = "1,2";
			};
			name = Debug;
		};
		223FB0AC24E8B2A900F80525 /* Release */ = {
			isa = XCBuildConfiguration;
			buildSettings = {
				ASSETCATALOG_COMPILER_APPICON_NAME = AppIcon;
				CODE_SIGN_STYLE = Automatic;
				DEVELOPMENT_TEAM = MYQPGJAPC4;
				INFOPLIST_FILE = "AI Vision/Info.plist";
				LD_RUNPATH_SEARCH_PATHS = (
					"$(inherited)",
					"@executable_path/Frameworks",
				);
				PRODUCT_BUNDLE_IDENTIFIER = "br.com.victorshinya.AI-Vision";
				PRODUCT_NAME = "$(TARGET_NAME)";
				SWIFT_VERSION = 5.0;
				TARGETED_DEVICE_FAMILY = "1,2";
			};
			name = Release;
		};
/* End XCBuildConfiguration section */

/* Begin XCConfigurationList section */
		223FB09124E8B2A600F80525 /* Build configuration list for PBXProject "AI Vision" */ = {
			isa = XCConfigurationList;
			buildConfigurations = (
				223FB0A824E8B2A900F80525 /* Debug */,
				223FB0A924E8B2A900F80525 /* Release */,
			);
			defaultConfigurationIsVisible = 0;
			defaultConfigurationName = Release;
		};
		223FB0AA24E8B2A900F80525 /* Build configuration list for PBXNativeTarget "AI Vision" */ = {
			isa = XCConfigurationList;
			buildConfigurations = (
				223FB0AB24E8B2A900F80525 /* Debug */,
				223FB0AC24E8B2A900F80525 /* Release */,
			);
			defaultConfigurationIsVisible = 0;
			defaultConfigurationName = Release;
		};
/* End XCConfigurationList section */
	};
	rootObject = 223FB08E24E8B2A600F80525 /* Project object */;
}
